
Microsoft Visual Studio Solution File, Format Version 12.00
# Visual Studio Version 17
VisualStudioVersion = 17.4.33213.308
MinimumVisualStudioVersion = 10.0.40219.1
Project("{FAE04EC0-301F-11D3-BF4B-00C04F79EFBC}") = "YT Downloader", "YT Downloader\YT Downloader.csproj", "{078E3F6E-CFAD-486C-8C65-3758F63D0347}"
EndProject
Global
	GlobalSection(SolutionConfigurationPlatforms) = preSolution
		Debug|Any CPU = Debug|Any CPU
		Release|Any CPU = Release|Any CPU
	EndGlobalSection
	GlobalSection(ProjectConfigurationPlatforms) = postSolution
		{078E3F6E-CFAD-486C-8C65-3758F63D0347}.Debug|Any CPU.ActiveCfg = Debug|Any CPU
		{078E3F6E-CFAD-486C-8C65-3758F63D0347}.Debug|Any CPU.Build.0 = Debug|Any CPU
		{078E3F6E-CFAD-486C-8C65-3758F63D0347}.Release|Any CPU.ActiveCfg = Release|Any CPU
		{078E3F6E-CFAD-486C-8C65-3758F63D0347}.Release|Any CPU.Build.0 = Release|Any CPU
	EndGlobalSection
	GlobalSection(SolutionProperties) = preSolution
		HideSolutionNode = FALSE
	EndGlobalSection
	GlobalSection(ExtensibilityGlobals) = postSolution
		SolutionGuid = {6685ACAE-6AE5-4603-89A8-877496DF7404}
	EndGlobalSection
EndGlobal
